
Microsoft Visual Studio Solution File, Format Version 12.00
# Visual Studio Version 17
VisualStudioVersion = 17.14.36310.24
MinimumVisualStudioVersion = 10.0.40219.1
Project("{FAE04EC0-301F-11D3-BF4B-00C04F79EFBC}") = "SF6CharacterDatabaseApp", "SF6CharacterDatabaseApp\SF6CharacterDatabaseApp.csproj", "{1529BFBC-BC3A-5EAB-3FF2-7B1C98CBCD75}"
EndProject
Project("{FAE04EC0-301F-11D3-BF4B-00C04F79EFBC}") = "SF6DataFetcher", "SF6DataFetcher\SF6DataFetcher.csproj", "{F3479DA8-0D32-4859-8AF4-D9CB8FB2C13D}"
EndProject
Project("{FAE04EC0-301F-11D3-BF4B-00C04F79EFBC}") = "SF6CharacterDatabaseModels", "SF6CharacterDatabaseModels\SF6CharacterDatabaseModels.csproj", "{FA2940A4-3A9C-4D23-9581-82A05E1EFA42}"
EndProject
Global
	GlobalSection(SolutionConfigurationPlatforms) = preSolution
		Debug|Any CPU = Debug|Any CPU
		Release|Any CPU = Release|Any CPU
	EndGlobalSection
	GlobalSection(ProjectConfigurationPlatforms) = postSolution
		{1529BFBC-BC3A-5EAB-3FF2-7B1C98CBCD75}.Debug|Any CPU.ActiveCfg = Debug|Any CPU
		{1529BFBC-BC3A-5EAB-3FF2-7B1C98CBCD75}.Debug|Any CPU.Build.0 = Debug|Any CPU
		{1529BFBC-BC3A-5EAB-3FF2-7B1C98CBCD75}.Release|Any CPU.ActiveCfg = Release|Any CPU
		{1529BFBC-BC3A-5EAB-3FF2-7B1C98CBCD75}.Release|Any CPU.Build.0 = Release|Any CPU
		{F3479DA8-0D32-4859-8AF4-D9CB8FB2C13D}.Debug|Any CPU.ActiveCfg = Debug|Any CPU
		{F3479DA8-0D32-4859-8AF4-D9CB8FB2C13D}.Debug|Any CPU.Build.0 = Debug|Any CPU
		{F3479DA8-0D32-4859-8AF4-D9CB8FB2C13D}.Release|Any CPU.ActiveCfg = Release|Any CPU
		{F3479DA8-0D32-4859-8AF4-D9CB8FB2C13D}.Release|Any CPU.Build.0 = Release|Any CPU
		{FA2940A4-3A9C-4D23-9581-82A05E1EFA42}.Debug|Any CPU.ActiveCfg = Debug|Any CPU
		{FA2940A4-3A9C-4D23-9581-82A05E1EFA42}.Debug|Any CPU.Build.0 = Debug|Any CPU
		{FA2940A4-3A9C-4D23-9581-82A05E1EFA42}.Release|Any CPU.ActiveCfg = Release|Any CPU
		{FA2940A4-3A9C-4D23-9581-82A05E1EFA42}.Release|Any CPU.Build.0 = Release|Any CPU
	EndGlobalSection
	GlobalSection(SolutionProperties) = preSolution
		HideSolutionNode = FALSE
	EndGlobalSection
	GlobalSection(ExtensibilityGlobals) = postSolution
		SolutionGuid = {D6620FA9-BE87-40BC-9781-18CA9E58CAFD}
	EndGlobalSection
EndGlobal
