
Microsoft Visual Studio Solution File, Format Version 12.00
# Visual Studio Version 17
VisualStudioVersion = 17.14.36310.24
MinimumVisualStudioVersion = 10.0.40219.1
Project("{FAE04EC0-301F-11D3-BF4B-00C04F79EFBC}") = "SF6ActionTrackerApp", "..\HIRQ-666\SF6ActionTracker\SF6ActionTrackerApp\SF6ActionTrackerApp.csproj", "{BBBE49A6-4966-771C-0E98-9988BD5CD61B}"
EndProject
Global
	GlobalSection(SolutionConfigurationPlatforms) = preSolution
		Debug|Any CPU = Debug|Any CPU
		Release|Any CPU = Release|Any CPU
	EndGlobalSection
	GlobalSection(ProjectConfigurationPlatforms) = postSolution
		{BBBE49A6-4966-771C-0E98-9988BD5CD61B}.Debug|Any CPU.ActiveCfg = Debug|Any CPU
		{BBBE49A6-4966-771C-0E98-9988BD5CD61B}.Debug|Any CPU.Build.0 = Debug|Any CPU
		{BBBE49A6-4966-771C-0E98-9988BD5CD61B}.Release|Any CPU.ActiveCfg = Release|Any CPU
		{BBBE49A6-4966-771C-0E98-9988BD5CD61B}.Release|Any CPU.Build.0 = Release|Any CPU
	EndGlobalSection
	GlobalSection(SolutionProperties) = preSolution
		HideSolutionNode = FALSE
	EndGlobalSection
	GlobalSection(ExtensibilityGlobals) = postSolution
		SolutionGuid = {D6620FA9-BE87-40BC-9781-18CA9E58CAFD}
	EndGlobalSection
EndGlobal
